# This file is automatically @generated by Cargo.
# It is not intended for manual editing.
[[package]]
name = "alsa-sys"
version = "0.1.2"
source = "registry+https://github.com/rust-lang/crates.io-index"
dependencies = [
 "libc 0.2.109 (registry+https://github.com/rust-lang/crates.io-index)",
 "pkg-config 0.3.23 (registry+https://github.com/rust-lang/crates.io-index)",
]

[[package]]
name = "autocfg"
version = "1.0.1"
source = "registry+https://github.com/rust-lang/crates.io-index"

[[package]]
name = "bindgen"
version = "0.56.0"
source = "registry+https://github.com/rust-lang/crates.io-index"
dependencies = [
 "bitflags 1.3.2 (registry+https://github.com/rust-lang/crates.io-index)",
 "cexpr 0.4.0 (registry+https://github.com/rust-lang/crates.io-index)",
 "clang-sys 1.3.0 (registry+https://github.com/rust-lang/crates.io-index)",
 "lazy_static 1.4.0 (registry+https://github.com/rust-lang/crates.io-index)",
 "lazycell 1.3.0 (registry+https://github.com/rust-lang/crates.io-index)",
 "peeking_take_while 0.1.2 (registry+https://github.com/rust-lang/crates.io-index)",
 "proc-macro2 1.0.33 (registry+https://github.com/rust-lang/crates.io-index)",
 "quote 1.0.10 (registry+https://github.com/rust-lang/crates.io-index)",
 "regex 1.5.4 (registry+https://github.com/rust-lang/crates.io-index)",
 "rustc-hash 1.1.0 (registry+https://github.com/rust-lang/crates.io-index)",
 "shlex 0.1.1 (registry+https://github.com/rust-lang/crates.io-index)",
]

[[package]]
name = "bitflags"
version = "1.3.2"
source = "registry+https://github.com/rust-lang/crates.io-index"

[[package]]
name = "byteorder"
version = "1.4.3"
source = "registry+https://github.com/rust-lang/crates.io-index"

[[package]]
name = "cc"
version = "1.0.72"
source = "registry+https://github.com/rust-lang/crates.io-index"

[[package]]
name = "cexpr"
version = "0.4.0"
source = "registry+https://github.com/rust-lang/crates.io-index"
dependencies = [
 "nom 5.1.2 (registry+https://github.com/rust-lang/crates.io-index)",
]

[[package]]
name = "cfg-if"
version = "1.0.0"
source = "registry+https://github.com/rust-lang/crates.io-index"

[[package]]
name = "clang-sys"
version = "1.3.0"
source = "registry+https://github.com/rust-lang/crates.io-index"
dependencies = [
 "glob 0.3.0 (registry+https://github.com/rust-lang/crates.io-index)",
 "libc 0.2.109 (registry+https://github.com/rust-lang/crates.io-index)",
 "libloading 0.7.2 (registry+https://github.com/rust-lang/crates.io-index)",
]

[[package]]
name = "claxon"
version = "0.4.3"
source = "registry+https://github.com/rust-lang/crates.io-index"

[[package]]
name = "core-foundation-sys"
version = "0.6.2"
source = "registry+https://github.com/rust-lang/crates.io-index"

[[package]]
name = "coreaudio-rs"
version = "0.9.1"
source = "registry+https://github.com/rust-lang/crates.io-index"
dependencies = [
 "bitflags 1.3.2 (registry+https://github.com/rust-lang/crates.io-index)",
 "coreaudio-sys 0.2.8 (registry+https://github.com/rust-lang/crates.io-index)",
]

[[package]]
name = "coreaudio-sys"
version = "0.2.8"
source = "registry+https://github.com/rust-lang/crates.io-index"
dependencies = [
 "bindgen 0.56.0 (registry+https://github.com/rust-lang/crates.io-index)",
]

[[package]]
name = "cpal"
version = "0.11.0"
source = "registry+https://github.com/rust-lang/crates.io-index"
dependencies = [
 "alsa-sys 0.1.2 (registry+https://github.com/rust-lang/crates.io-index)",
 "core-foundation-sys 0.6.2 (registry+https://github.com/rust-lang/crates.io-index)",
 "coreaudio-rs 0.9.1 (registry+https://github.com/rust-lang/crates.io-index)",
 "lazy_static 1.4.0 (registry+https://github.com/rust-lang/crates.io-index)",
 "libc 0.2.109 (registry+https://github.com/rust-lang/crates.io-index)",
 "num-traits 0.2.14 (registry+https://github.com/rust-lang/crates.io-index)",
 "stdweb 0.1.3 (registry+https://github.com/rust-lang/crates.io-index)",
 "thiserror 1.0.30 (registry+https://github.com/rust-lang/crates.io-index)",
 "winapi 0.3.9 (registry+https://github.com/rust-lang/crates.io-index)",
]

[[package]]
name = "file"
version = "1.1.2"
source = "registry+https://github.com/rust-lang/crates.io-index"

[[package]]
name = "getrandom"
version = "0.1.16"
source = "registry+https://github.com/rust-lang/crates.io-index"
dependencies = [
 "cfg-if 1.0.0 (registry+https://github.com/rust-lang/crates.io-index)",
 "libc 0.2.109 (registry+https://github.com/rust-lang/crates.io-index)",
 "wasi 0.9.0+wasi-snapshot-preview1 (registry+https://github.com/rust-lang/crates.io-index)",
]

[[package]]
name = "glob"
version = "0.3.0"
source = "registry+https://github.com/rust-lang/crates.io-index"

[[package]]
name = "hound"
version = "3.4.0"
source = "registry+https://github.com/rust-lang/crates.io-index"

[[package]]
name = "lazy_static"
version = "1.4.0"
source = "registry+https://github.com/rust-lang/crates.io-index"

[[package]]
name = "lazycell"
version = "1.3.0"
source = "registry+https://github.com/rust-lang/crates.io-index"

[[package]]
name = "lewton"
version = "0.10.2"
source = "registry+https://github.com/rust-lang/crates.io-index"
dependencies = [
 "byteorder 1.4.3 (registry+https://github.com/rust-lang/crates.io-index)",
 "ogg 0.8.0 (registry+https://github.com/rust-lang/crates.io-index)",
 "tinyvec 1.5.1 (registry+https://github.com/rust-lang/crates.io-index)",
]

[[package]]
name = "libc"
version = "0.2.109"
source = "registry+https://github.com/rust-lang/crates.io-index"

[[package]]
name = "libloading"
version = "0.7.2"
source = "registry+https://github.com/rust-lang/crates.io-index"
dependencies = [
 "cfg-if 1.0.0 (registry+https://github.com/rust-lang/crates.io-index)",
 "winapi 0.3.9 (registry+https://github.com/rust-lang/crates.io-index)",
]

[[package]]
name = "mach"
version = "0.3.2"
source = "registry+https://github.com/rust-lang/crates.io-index"
dependencies = [
 "libc 0.2.109 (registry+https://github.com/rust-lang/crates.io-index)",
]

[[package]]
name = "memchr"
version = "2.4.1"
source = "registry+https://github.com/rust-lang/crates.io-index"

[[package]]
name = "minimp3"
version = "0.3.5"
source = "registry+https://github.com/rust-lang/crates.io-index"
dependencies = [
 "minimp3-sys 0.3.2 (registry+https://github.com/rust-lang/crates.io-index)",
 "slice-deque 0.3.0 (registry+https://github.com/rust-lang/crates.io-index)",
]

[[package]]
name = "minimp3-sys"
version = "0.3.2"
source = "registry+https://github.com/rust-lang/crates.io-index"
dependencies = [
 "cc 1.0.72 (registry+https://github.com/rust-lang/crates.io-index)",
]

[[package]]
name = "nom"
version = "5.1.2"
source = "registry+https://github.com/rust-lang/crates.io-index"
dependencies = [
 "memchr 2.4.1 (registry+https://github.com/rust-lang/crates.io-index)",
 "version_check 0.9.3 (registry+https://github.com/rust-lang/crates.io-index)",
]

[[package]]
name = "num-traits"
version = "0.2.14"
source = "registry+https://github.com/rust-lang/crates.io-index"
dependencies = [
 "autocfg 1.0.1 (registry+https://github.com/rust-lang/crates.io-index)",
]

[[package]]
name = "ogg"
version = "0.8.0"
source = "registry+https://github.com/rust-lang/crates.io-index"
dependencies = [
 "byteorder 1.4.3 (registry+https://github.com/rust-lang/crates.io-index)",
]

[[package]]
name = "once_cell"
version = "1.8.0"
source = "registry+https://github.com/rust-lang/crates.io-index"

[[package]]
name = "peeking_take_while"
version = "0.1.2"
source = "registry+https://github.com/rust-lang/crates.io-index"

[[package]]
name = "piston"
version = "0.53.1"
source = "registry+https://github.com/rust-lang/crates.io-index"
dependencies = [
 "pistoncore-event_loop 0.53.1 (registry+https://github.com/rust-lang/crates.io-index)",
 "pistoncore-input 1.0.1 (registry+https://github.com/rust-lang/crates.io-index)",
 "pistoncore-window 0.47.1 (registry+https://github.com/rust-lang/crates.io-index)",
]

[[package]]
name = "piston-float"
version = "1.0.1"
source = "registry+https://github.com/rust-lang/crates.io-index"

[[package]]
name = "piston-graphics_api_version"
version = "1.0.1"
source = "registry+https://github.com/rust-lang/crates.io-index"

[[package]]
name = "piston-viewport"
version = "1.0.1"
source = "registry+https://github.com/rust-lang/crates.io-index"
dependencies = [
 "piston-float 1.0.1 (registry+https://github.com/rust-lang/crates.io-index)",
]

[[package]]
name = "pistoncore-event_loop"
version = "0.53.1"
source = "registry+https://github.com/rust-lang/crates.io-index"
dependencies = [
 "pistoncore-input 1.0.1 (registry+https://github.com/rust-lang/crates.io-index)",
 "pistoncore-window 0.47.1 (registry+https://github.com/rust-lang/crates.io-index)",
 "spin_sleep 1.0.0 (registry+https://github.com/rust-lang/crates.io-index)",
]

[[package]]
name = "pistoncore-input"
version = "1.0.1"
source = "registry+https://github.com/rust-lang/crates.io-index"
dependencies = [
 "bitflags 1.3.2 (registry+https://github.com/rust-lang/crates.io-index)",
 "piston-viewport 1.0.1 (registry+https://github.com/rust-lang/crates.io-index)",
 "serde 1.0.130 (registry+https://github.com/rust-lang/crates.io-index)",
 "serde_derive 1.0.130 (registry+https://github.com/rust-lang/crates.io-index)",
]

[[package]]
name = "pistoncore-window"
version = "0.47.1"
source = "registry+https://github.com/rust-lang/crates.io-index"
dependencies = [
 "piston-graphics_api_version 1.0.1 (registry+https://github.com/rust-lang/crates.io-index)",
 "pistoncore-input 1.0.1 (registry+https://github.com/rust-lang/crates.io-index)",
]

[[package]]
name = "pkg-config"
version = "0.3.23"
source = "registry+https://github.com/rust-lang/crates.io-index"

[[package]]
name = "ppv-lite86"
version = "0.2.15"
source = "registry+https://github.com/rust-lang/crates.io-index"

[[package]]
name = "proc-macro2"
version = "1.0.33"
source = "registry+https://github.com/rust-lang/crates.io-index"
dependencies = [
 "unicode-xid 0.2.2 (registry+https://github.com/rust-lang/crates.io-index)",
]

[[package]]
name = "quote"
version = "1.0.10"
source = "registry+https://github.com/rust-lang/crates.io-index"
dependencies = [
 "proc-macro2 1.0.33 (registry+https://github.com/rust-lang/crates.io-index)",
]

[[package]]
name = "rand"
version = "0.7.3"
source = "registry+https://github.com/rust-lang/crates.io-index"
dependencies = [
 "getrandom 0.1.16 (registry+https://github.com/rust-lang/crates.io-index)",
 "libc 0.2.109 (registry+https://github.com/rust-lang/crates.io-index)",
 "rand_chacha 0.2.2 (registry+https://github.com/rust-lang/crates.io-index)",
 "rand_core 0.5.1 (registry+https://github.com/rust-lang/crates.io-index)",
 "rand_hc 0.2.0 (registry+https://github.com/rust-lang/crates.io-index)",
]

[[package]]
name = "rand_chacha"
version = "0.2.2"
source = "registry+https://github.com/rust-lang/crates.io-index"
dependencies = [
 "ppv-lite86 0.2.15 (registry+https://github.com/rust-lang/crates.io-index)",
 "rand_core 0.5.1 (registry+https://github.com/rust-lang/crates.io-index)",
]

[[package]]
name = "rand_core"
version = "0.5.1"
source = "registry+https://github.com/rust-lang/crates.io-index"
dependencies = [
 "getrandom 0.1.16 (registry+https://github.com/rust-lang/crates.io-index)",
]

[[package]]
name = "rand_hc"
version = "0.2.0"
source = "registry+https://github.com/rust-lang/crates.io-index"
dependencies = [
 "rand_core 0.5.1 (registry+https://github.com/rust-lang/crates.io-index)",
]

[[package]]
name = "regex"
version = "1.5.4"
source = "registry+https://github.com/rust-lang/crates.io-index"
dependencies = [
 "regex-syntax 0.6.25 (registry+https://github.com/rust-lang/crates.io-index)",
]

[[package]]
name = "regex-syntax"
version = "0.6.25"
source = "registry+https://github.com/rust-lang/crates.io-index"

[[package]]
name = "rodio"
version = "0.11.0"
source = "registry+https://github.com/rust-lang/crates.io-index"
dependencies = [
 "claxon 0.4.3 (registry+https://github.com/rust-lang/crates.io-index)",
 "cpal 0.11.0 (registry+https://github.com/rust-lang/crates.io-index)",
 "hound 3.4.0 (registry+https://github.com/rust-lang/crates.io-index)",
 "lazy_static 1.4.0 (registry+https://github.com/rust-lang/crates.io-index)",
 "lewton 0.10.2 (registry+https://github.com/rust-lang/crates.io-index)",
 "minimp3 0.3.5 (registry+https://github.com/rust-lang/crates.io-index)",
]

[[package]]
name = "rustc-hash"
version = "1.1.0"
source = "registry+https://github.com/rust-lang/crates.io-index"

[[package]]
name = "serde"
version = "1.0.130"
source = "registry+https://github.com/rust-lang/crates.io-index"

[[package]]
name = "serde_derive"
version = "1.0.130"
source = "registry+https://github.com/rust-lang/crates.io-index"
dependencies = [
 "proc-macro2 1.0.33 (registry+https://github.com/rust-lang/crates.io-index)",
 "quote 1.0.10 (registry+https://github.com/rust-lang/crates.io-index)",
 "syn 1.0.82 (registry+https://github.com/rust-lang/crates.io-index)",
]

[[package]]
name = "shlex"
version = "0.1.1"
source = "registry+https://github.com/rust-lang/crates.io-index"

[[package]]
name = "slice-deque"
version = "0.3.0"
source = "registry+https://github.com/rust-lang/crates.io-index"
dependencies = [
 "libc 0.2.109 (registry+https://github.com/rust-lang/crates.io-index)",
 "mach 0.3.2 (registry+https://github.com/rust-lang/crates.io-index)",
 "winapi 0.3.9 (registry+https://github.com/rust-lang/crates.io-index)",
]

[[package]]
name = "spin_sleep"
version = "1.0.0"
source = "registry+https://github.com/rust-lang/crates.io-index"
dependencies = [
 "once_cell 1.8.0 (registry+https://github.com/rust-lang/crates.io-index)",
 "winapi 0.3.9 (registry+https://github.com/rust-lang/crates.io-index)",
]

[[package]]
name = "stdweb"
version = "0.1.3"
source = "registry+https://github.com/rust-lang/crates.io-index"

[[package]]
name = "syn"
version = "1.0.82"
source = "registry+https://github.com/rust-lang/crates.io-index"
dependencies = [
 "proc-macro2 1.0.33 (registry+https://github.com/rust-lang/crates.io-index)",
 "quote 1.0.10 (registry+https://github.com/rust-lang/crates.io-index)",
 "unicode-xid 0.2.2 (registry+https://github.com/rust-lang/crates.io-index)",
]

[[package]]
name = "tetris"
version = "0.1.0"
dependencies = [
 "file 1.1.2 (registry+https://github.com/rust-lang/crates.io-index)",
 "piston 0.53.1 (registry+https://github.com/rust-lang/crates.io-index)",
 "rand 0.7.3 (registry+https://github.com/rust-lang/crates.io-index)",
 "rodio 0.11.0 (registry+https://github.com/rust-lang/crates.io-index)",
]

[[package]]
name = "thiserror"
version = "1.0.30"
source = "registry+https://github.com/rust-lang/crates.io-index"
dependencies = [
 "thiserror-impl 1.0.30 (registry+https://github.com/rust-lang/crates.io-index)",
]

[[package]]
name = "thiserror-impl"
version = "1.0.30"
source = "registry+https://github.com/rust-lang/crates.io-index"
dependencies = [
 "proc-macro2 1.0.33 (registry+https://github.com/rust-lang/crates.io-index)",
 "quote 1.0.10 (registry+https://github.com/rust-lang/crates.io-index)",
 "syn 1.0.82 (registry+https://github.com/rust-lang/crates.io-index)",
]

[[package]]
name = "tinyvec"
version = "1.5.1"
source = "registry+https://github.com/rust-lang/crates.io-index"
dependencies = [
 "tinyvec_macros 0.1.0 (registry+https://github.com/rust-lang/crates.io-index)",
]

[[package]]
name = "tinyvec_macros"
version = "0.1.0"
source = "registry+https://github.com/rust-lang/crates.io-index"

[[package]]
name = "unicode-xid"
version = "0.2.2"
source = "registry+https://github.com/rust-lang/crates.io-index"

[[package]]
name = "version_check"
version = "0.9.3"
source = "registry+https://github.com/rust-lang/crates.io-index"

[[package]]
name = "wasi"
version = "0.9.0+wasi-snapshot-preview1"
source = "registry+https://github.com/rust-lang/crates.io-index"

[[package]]
name = "winapi"
version = "0.3.9"
source = "registry+https://github.com/rust-lang/crates.io-index"
dependencies = [
 "winapi-i686-pc-windows-gnu 0.4.0 (registry+https://github.com/rust-lang/crates.io-index)",
 "winapi-x86_64-pc-windows-gnu 0.4.0 (registry+https://github.com/rust-lang/crates.io-index)",
]

[[package]]
name = "winapi-i686-pc-windows-gnu"
version = "0.4.0"
source = "registry+https://github.com/rust-lang/crates.io-index"

[[package]]
name = "winapi-x86_64-pc-windows-gnu"
version = "0.4.0"
source = "registry+https://github.com/rust-lang/crates.io-index"

[metadata]
"checksum alsa-sys 0.1.2 (registry+https://github.com/rust-lang/crates.io-index)" = "b0edcbbf9ef68f15ae1b620f722180b82a98b6f0628d30baa6b8d2a5abc87d58"
"checksum autocfg 1.0.1 (registry+https://github.com/rust-lang/crates.io-index)" = "cdb031dd78e28731d87d56cc8ffef4a8f36ca26c38fe2de700543e627f8a464a"
"checksum bindgen 0.56.0 (registry+https://github.com/rust-lang/crates.io-index)" = "2da379dbebc0b76ef63ca68d8fc6e71c0f13e59432e0987e508c1820e6ab5239"
"checksum bitflags 1.3.2 (registry+https://github.com/rust-lang/crates.io-index)" = "bef38d45163c2f1dde094a7dfd33ccf595c92905c8f8f4fdc18d06fb1037718a"
"checksum byteorder 1.4.3 (registry+https://github.com/rust-lang/crates.io-index)" = "14c189c53d098945499cdfa7ecc63567cf3886b3332b312a5b4585d8d3a6a610"
"checksum cc 1.0.72 (registry+https://github.com/rust-lang/crates.io-index)" = "22a9137b95ea06864e018375b72adfb7db6e6f68cfc8df5a04d00288050485ee"
"checksum cexpr 0.4.0 (registry+https://github.com/rust-lang/crates.io-index)" = "f4aedb84272dbe89af497cf81375129abda4fc0a9e7c5d317498c15cc30c0d27"
"checksum cfg-if 1.0.0 (registry+https://github.com/rust-lang/crates.io-index)" = "baf1de4339761588bc0619e3cbc0120ee582ebb74b53b4efbf79117bd2da40fd"
"checksum clang-sys 1.3.0 (registry+https://github.com/rust-lang/crates.io-index)" = "fa66045b9cb23c2e9c1520732030608b02ee07e5cfaa5a521ec15ded7fa24c90"
"checksum claxon 0.4.3 (registry+https://github.com/rust-lang/crates.io-index)" = "4bfbf56724aa9eca8afa4fcfadeb479e722935bb2a0900c2d37e0cc477af0688"
"checksum core-foundation-sys 0.6.2 (registry+https://github.com/rust-lang/crates.io-index)" = "e7ca8a5221364ef15ce201e8ed2f609fc312682a8f4e0e3d4aa5879764e0fa3b"
"checksum coreaudio-rs 0.9.1 (registry+https://github.com/rust-lang/crates.io-index)" = "f229761965dad3e9b11081668a6ea00f1def7aa46062321b5ec245b834f6e491"
"checksum coreaudio-sys 0.2.8 (registry+https://github.com/rust-lang/crates.io-index)" = "2b7e3347be6a09b46aba228d6608386739fb70beff4f61e07422da87b0bb31fa"
"checksum cpal 0.11.0 (registry+https://github.com/rust-lang/crates.io-index)" = "6b55d55d69f403f62a95bd3c04b431e0aedf5120c70f15d07a8edd234443dd59"
"checksum file 1.1.2 (registry+https://github.com/rust-lang/crates.io-index)" = "072420e920a41e95a021116fb47c331d1199aab0f12ca1f77903d5c0ec65c37a"
"checksum getrandom 0.1.16 (registry+https://github.com/rust-lang/crates.io-index)" = "8fc3cb4d91f53b50155bdcfd23f6a4c39ae1969c2ae85982b135750cccaf5fce"
"checksum glob 0.3.0 (registry+https://github.com/rust-lang/crates.io-index)" = "9b919933a397b79c37e33b77bb2aa3dc8eb6e165ad809e58ff75bc7db2e34574"
"checksum hound 3.4.0 (registry+https://github.com/rust-lang/crates.io-index)" = "8a164bb2ceaeff4f42542bdb847c41517c78a60f5649671b2a07312b6e117549"
"checksum lazy_static 1.4.0 (registry+https://github.com/rust-lang/crates.io-index)" = "e2abad23fbc42b3700f2f279844dc832adb2b2eb069b2df918f455c4e18cc646"
"checksum lazycell 1.3.0 (registry+https://github.com/rust-lang/crates.io-index)" = "830d08ce1d1d941e6b30645f1a0eb5643013d835ce3779a5fc208261dbe10f55"
"checksum lewton 0.10.2 (registry+https://github.com/rust-lang/crates.io-index)" = "777b48df9aaab155475a83a7df3070395ea1ac6902f5cd062b8f2b028075c030"
"checksum libc 0.2.109 (registry+https://github.com/rust-lang/crates.io-index)" = "f98a04dce437184842841303488f70d0188c5f51437d2a834dc097eafa909a01"
"checksum libloading 0.7.2 (registry+https://github.com/rust-lang/crates.io-index)" = "afe203d669ec979b7128619bae5a63b7b42e9203c1b29146079ee05e2f604b52"
"checksum mach 0.3.2 (registry+https://github.com/rust-lang/crates.io-index)" = "b823e83b2affd8f40a9ee8c29dbc56404c1e34cd2710921f2801e2cf29527afa"
"checksum memchr 2.4.1 (registry+https://github.com/rust-lang/crates.io-index)" = "308cc39be01b73d0d18f82a0e7b2a3df85245f84af96fdddc5d202d27e47b86a"
"checksum minimp3 0.3.5 (registry+https://github.com/rust-lang/crates.io-index)" = "dce0cff6a0bfd3f8b6b2350819bbddd63bc65cc45e53888bdd0ff49dde16d2d5"
"checksum minimp3-sys 0.3.2 (registry+https://github.com/rust-lang/crates.io-index)" = "e21c73734c69dc95696c9ed8926a2b393171d98b3f5f5935686a26a487ab9b90"
"checksum nom 5.1.2 (registry+https://github.com/rust-lang/crates.io-index)" = "ffb4262d26ed83a1c0a33a38fe2bb15797329c85770da05e6b828ddb782627af"
"checksum num-traits 0.2.14 (registry+https://github.com/rust-lang/crates.io-index)" = "9a64b1ec5cda2586e284722486d802acf1f7dbdc623e2bfc57e65ca1cd099290"
"checksum ogg 0.8.0 (registry+https://github.com/rust-lang/crates.io-index)" = "6951b4e8bf21c8193da321bcce9c9dd2e13c858fe078bf9054a288b419ae5d6e"
"checksum once_cell 1.8.0 (registry+https://github.com/rust-lang/crates.io-index)" = "692fcb63b64b1758029e0a96ee63e049ce8c5948587f2f7208df04625e5f6b56"
"checksum peeking_take_while 0.1.2 (registry+https://github.com/rust-lang/crates.io-index)" = "19b17cddbe7ec3f8bc800887bab5e717348c95ea2ca0b1bf0837fb964dc67099"
"checksum piston 0.53.1 (registry+https://github.com/rust-lang/crates.io-index)" = "7f483bc0f9316e80f27c9f083fb20e8ae881a9799ad792cf683a059f3f58d6e6"
"checksum piston-float 1.0.1 (registry+https://github.com/rust-lang/crates.io-index)" = "ad78bf43dcf80e8f950c92b84f938a0fc7590b7f6866fbcbeca781609c115590"
"checksum piston-graphics_api_version 1.0.1 (registry+https://github.com/rust-lang/crates.io-index)" = "3b06401e3ea38467d8d85b394557408107e3e56d827f0d00c9b47e902cbd1bed"
"checksum piston-viewport 1.0.1 (registry+https://github.com/rust-lang/crates.io-index)" = "12cd38d4259b30d42eaea6a35191feba5b0b4758dbbacc21dee8c223a3a7898a"
"checksum pistoncore-event_loop 0.53.1 (registry+https://github.com/rust-lang/crates.io-index)" = "41d86b3bf012430bb23694348615e37769aca0e9910539ce93674006aeeb77e6"
"checksum pistoncore-input 1.0.1 (registry+https://github.com/rust-lang/crates.io-index)" = "2977fed6eb16c554fd445a09a50c8a0c250f4c50f752be46a7bd9dcc5ba471f0"
"checksum pistoncore-window 0.47.1 (registry+https://github.com/rust-lang/crates.io-index)" = "d62962b4e9cfc13143c77e032302fedc58a8f0f570d30006cdb38ba00a5e50bf"
"checksum pkg-config 0.3.23 (registry+https://github.com/rust-lang/crates.io-index)" = "d1a3ea4f0dd7f1f3e512cf97bf100819aa547f36a6eccac8dbaae839eb92363e"
"checksum ppv-lite86 0.2.15 (registry+https://github.com/rust-lang/crates.io-index)" = "ed0cfbc8191465bed66e1718596ee0b0b35d5ee1f41c5df2189d0fe8bde535ba"
"checksum proc-macro2 1.0.33 (registry+https://github.com/rust-lang/crates.io-index)" = "fb37d2df5df740e582f28f8560cf425f52bb267d872fe58358eadb554909f07a"
"checksum quote 1.0.10 (registry+https://github.com/rust-lang/crates.io-index)" = "38bc8cc6a5f2e3655e0899c1b848643b2562f853f114bfec7be120678e3ace05"
"checksum rand 0.7.3 (registry+https://github.com/rust-lang/crates.io-index)" = "6a6b1679d49b24bbfe0c803429aa1874472f50d9b363131f0e89fc356b544d03"
"checksum rand_chacha 0.2.2 (registry+https://github.com/rust-lang/crates.io-index)" = "f4c8ed856279c9737206bf725bf36935d8666ead7aa69b52be55af369d193402"
"checksum rand_core 0.5.1 (registry+https://github.com/rust-lang/crates.io-index)" = "90bde5296fc891b0cef12a6d03ddccc162ce7b2aff54160af9338f8d40df6d19"
"checksum rand_hc 0.2.0 (registry+https://github.com/rust-lang/crates.io-index)" = "ca3129af7b92a17112d59ad498c6f81eaf463253766b90396d39ea7a39d6613c"
"checksum regex 1.5.4 (registry+https://github.com/rust-lang/crates.io-index)" = "d07a8629359eb56f1e2fb1652bb04212c072a87ba68546a04065d525673ac461"
"checksum regex-syntax 0.6.25 (registry+https://github.com/rust-lang/crates.io-index)" = "f497285884f3fcff424ffc933e56d7cbca511def0c9831a7f9b5f6153e3cc89b"
"checksum rodio 0.11.0 (registry+https://github.com/rust-lang/crates.io-index)" = "73bbf260262fd5501b7a17d6827e0d25c1127e921eb177150a060faf6e217a70"
"checksum rustc-hash 1.1.0 (registry+https://github.com/rust-lang/crates.io-index)" = "08d43f7aa6b08d49f382cde6a7982047c3426db949b1424bc4b7ec9ae12c6ce2"
"checksum serde 1.0.130 (registry+https://github.com/rust-lang/crates.io-index)" = "f12d06de37cf59146fbdecab66aa99f9fe4f78722e3607577a5375d66bd0c913"
"checksum serde_derive 1.0.130 (registry+https://github.com/rust-lang/crates.io-index)" = "d7bc1a1ab1961464eae040d96713baa5a724a8152c1222492465b54322ec508b"
"checksum shlex 0.1.1 (registry+https://github.com/rust-lang/crates.io-index)" = "7fdf1b9db47230893d76faad238fd6097fd6d6a9245cd7a4d90dbd639536bbd2"
"checksum slice-deque 0.3.0 (registry+https://github.com/rust-lang/crates.io-index)" = "31ef6ee280cdefba6d2d0b4b78a84a1c1a3f3a4cec98c2d4231c8bc225de0f25"
"checksum spin_sleep 1.0.0 (registry+https://github.com/rust-lang/crates.io-index)" = "2a98101bdc3833e192713c2af0b0dd2614f50d1cf1f7a97c5221b7aac052acc7"
"checksum stdweb 0.1.3 (registry+https://github.com/rust-lang/crates.io-index)" = "ef5430c8e36b713e13b48a9f709cc21e046723fe44ce34587b73a830203b533e"
"checksum syn 1.0.82 (registry+https://github.com/rust-lang/crates.io-index)" = "8daf5dd0bb60cbd4137b1b587d2fc0ae729bc07cf01cd70b36a1ed5ade3b9d59"
"checksum thiserror 1.0.30 (registry+https://github.com/rust-lang/crates.io-index)" = "854babe52e4df1653706b98fcfc05843010039b406875930a70e4d9644e5c417"
"checksum thiserror-impl 1.0.30 (registry+https://github.com/rust-lang/crates.io-index)" = "aa32fd3f627f367fe16f893e2597ae3c05020f8bba2666a4e6ea73d377e5714b"
"checksum tinyvec 1.5.1 (registry+https://github.com/rust-lang/crates.io-index)" = "2c1c1d5a42b6245520c249549ec267180beaffcc0615401ac8e31853d4b6d8d2"
"checksum tinyvec_macros 0.1.0 (registry+https://github.com/rust-lang/crates.io-index)" = "cda74da7e1a664f795bb1f8a87ec406fb89a02522cf6e50620d016add6dbbf5c"
"checksum unicode-xid 0.2.2 (registry+https://github.com/rust-lang/crates.io-index)" = "8ccb82d61f80a663efe1f787a51b16b5a51e3314d6ac365b08639f52387b33f3"
"checksum version_check 0.9.3 (registry+https://github.com/rust-lang/crates.io-index)" = "5fecdca9a5291cc2b8dcf7dc02453fee791a280f3743cb0905f8822ae463b3fe"
"checksum wasi 0.9.0+wasi-snapshot-preview1 (registry+https://github.com/rust-lang/crates.io-index)" = "cccddf32554fecc6acb585f82a32a72e28b48f8c4c1883ddfeeeaa96f7d8e519"
"checksum winapi 0.3.9 (registry+https://github.com/rust-lang/crates.io-index)" = "5c839a674fcd7a98952e593242ea400abe93992746761e38641405d28b00f419"
"checksum winapi-i686-pc-windows-gnu 0.4.0 (registry+https://github.com/rust-lang/crates.io-index)" = "ac3b87c63620426dd9b991e5ce0329eff545bccbbb34f3be09ff6fb6ab51b7b6"
"checksum winapi-x86_64-pc-windows-gnu 0.4.0 (registry+https://github.com/rust-lang/crates.io-index)" = "712e227841d057c1ee1cd2fb22fa7e5a5461ae8e48fa2ca79ec42cfc1931183f"
